<?xml version="1.0" encoding="utf-8"?>
<Project ToolsVersion="4.0" xmlns="http://schemas.microsoft.com/developer/msbuild/2003">
  <ItemGroup>
    <Filter Include="Source Files">
      <UniqueIdentifier>{4FC737F1-C7A5-4376-A066-2A32D752A2FF}</UniqueIdentifier>
      <Extensions>cpp;c;cc;cxx;c++;cppm;ixx;def;odl;idl;hpj;bat;asm;asmx</Extensions>
    </Filter>
    <Filter Include="Header Files">
      <UniqueIdentifier>{93995380-89BD-4b04-88EB-625FBE52EBFB}</UniqueIdentifier>
      <Extensions>h;hh;hpp;hxx;h++;hm;inl;inc;ipp;xsd</Extensions>
    </Filter>
    <Filter Include="Resource Files">
      <UniqueIdentifier>{67DA6AB6-F800-4c08-8B7A-83BB121AAD01}</UniqueIdentifier>
      <Extensions>rc;ico;cur;bmp;dlg;rc2;rct;bin;rgs;gif;jpg;jpeg;jpe;resx;tiff;tif;png;wav;mfcribbon-ms</Extensions>
    </Filter>
    <Filter Include="Window">
      <UniqueIdentifier>{07186a11-3914-4922-a89e-ae8bb19c8ecb}</UniqueIdentifier>
    </Filter>
    <Filter Include="Event">
      <UniqueIdentifier>{ec3ebce1-4576-425b-9bcb-92d08b4c7707}</UniqueIdentifier>
    </Filter>
    <Filter Include="Graphics">
      <UniqueIdentifier>{bba22239-01fd-4b60-9040-7ff9cba804e4}</UniqueIdentifier>
    </Filter>
    <Filter Include="Graphics\Loaders">
      <UniqueIdentifier>{16a1c31e-8038-49e2-9fbe-c73d6eda3e17}</UniqueIdentifier>
    </Filter>
    <Filter Include="Mesh">
      <UniqueIdentifier>{fc9e1348-8412-47a2-b468-f52db81db067}</UniqueIdentifier>
    </Filter>
    <Filter Include="Mesh\Voxel">
      <UniqueIdentifier>{41bdb74f-1a9f-424f-b0a9-f019a47e7f5a}</UniqueIdentifier>
    </Filter>
    <Filter Include="Mesh\Chunks">
      <UniqueIdentifier>{96a06c3d-d0f8-48ed-a6a0-f68c1808f1b1}</UniqueIdentifier>
    </Filter>
    <Filter Include="Mesh\Chunks\Chunk">
      <UniqueIdentifier>{053428a0-14b3-4624-a7d7-ac8b84b0746e}</UniqueIdentifier>
    </Filter>
  </ItemGroup>
  <ItemGroup>
    <ClCompile Include="main.cpp">
      <Filter>Source Files</Filter>
    </ClCompile>
    <ClCompile Include="Window.cpp">
      <Filter>Window</Filter>
    </ClCompile>
    <ClCompile Include="Event.cpp">
      <Filter>Event</Filter>
    </ClCompile>
    <ClCompile Include="Shader.cpp">
      <Filter>Graphics</Filter>
    </ClCompile>
    <ClCompile Include="Texture.cpp">
      <Filter>Graphics</Filter>
    </ClCompile>
    <ClCompile Include="Camera.cpp">
      <Filter>Source Files</Filter>
    </ClCompile>
    <ClCompile Include="Mesh.cpp">
      <Filter>Mesh</Filter>
    </ClCompile>
    <ClCompile Include="Voxel.cpp">
      <Filter>Mesh\Voxel</Filter>
    </ClCompile>
    <ClCompile Include="Chunk.cpp">
      <Filter>Mesh\Chunks\Chunk</Filter>
    </ClCompile>
    <ClCompile Include="Png_loading.cpp">
      <Filter>Graphics\Loaders</Filter>
    </ClCompile>
    <ClCompile Include="VoxelRender.cpp">
      <Filter>Mesh\Voxel</Filter>
    </ClCompile>
    <ClCompile Include="Chunks.cpp">
      <Filter>Mesh\Chunks</Filter>
    </ClCompile>
  </ItemGroup>
  <ItemGroup>
    <ClInclude Include="Window.h">
      <Filter>Window</Filter>
    </ClInclude>
    <ClInclude Include="Event.h">
      <Filter>Event</Filter>
    </ClInclude>
    <ClInclude Include="Shader.h">
      <Filter>Graphics</Filter>
    </ClInclude>
    <ClInclude Include="Texture.h">
      <Filter>Graphics</Filter>
    </ClInclude>
    <ClInclude Include="Camera.h">
      <Filter>Header Files</Filter>
    </ClInclude>
    <ClInclude Include="Mesh.h">
      <Filter>Mesh</Filter>
    </ClInclude>
    <ClInclude Include="Voxel.h">
      <Filter>Mesh\Voxel</Filter>
    </ClInclude>
    <ClInclude Include="Chunk.h">
      <Filter>Mesh\Chunks\Chunk</Filter>
    </ClInclude>
    <ClInclude Include="Png_loading.h">
      <Filter>Graphics\Loaders</Filter>
    </ClInclude>
    <ClInclude Include="Defines.h">
      <Filter>Header Files</Filter>
    </ClInclude>
    <ClInclude Include="lib.h">
      <Filter>Header Files</Filter>
    </ClInclude>
    <ClInclude Include="VoxelRender.h">
      <Filter>Mesh\Voxel</Filter>
    </ClInclude>
    <ClInclude Include="Chunks.h">
      <Filter>Mesh\Chunks</Filter>
    </ClInclude>
  </ItemGroup>
</Project>